// !$*UTF8*$!
{
	archiveVersion = 1;
	classes = {
	};
	objectVersion = 46;
	objects = {

/* Begin PBXBuildFile section */
		6B4F13AB1D07D28E00D7BC08 /* objCFrameWork.h in Headers */ = {isa = PBXBuildFile; fileRef = 6B4F13AA1D07D28E00D7BC08 /* objCFrameWork.h */; settings = {ATTRIBUTES = (Public, ); }; };
		6B4F13B21D07D28E00D7BC08 /* objCFrameWork.framework in Frameworks */ = {isa = PBXBuildFile; fileRef = 6B4F13A71D07D28E00D7BC08 /* objCFrameWork.framework */; };
		6B4F13C21D07D2BB00D7BC08 /* Settings.xcconfig in Resources */ = {isa = PBXBuildFile; fileRef = 6B4F13C11D07D2BB00D7BC08 /* Settings.xcconfig */; };
		6B4F13C71D07D34E00D7BC08 /* People.java in Sources */ = {isa = PBXBuildFile; fileRef = 6B4F13C61D07D34E00D7BC08 /* People.java */; };
		6B4F13C91D07D4A000D7BC08 /* Security.framework in Frameworks */ = {isa = PBXBuildFile; fileRef = 6B4F13C81D07D4A000D7BC08 /* Security.framework */; };
		6B4F13CB1D07D4A600D7BC08 /* libcurses.tbd in Frameworks */ = {isa = PBXBuildFile; fileRef = 6B4F13CA1D07D4A600D7BC08 /* libcurses.tbd */; };
		6B4F13CD1D07D5FA00D7BC08 /* UIKit.framework in Frameworks */ = {isa = PBXBuildFile; fileRef = 6B4F13CC1D07D5FA00D7BC08 /* UIKit.framework */; };
		6B4F13D01D07D62F00D7BC08 /* Company.h in Headers */ = {isa = PBXBuildFile; fileRef = 6B4F13CE1D07D62F00D7BC08 /* Company.h */; };
		6B4F13D11D07D62F00D7BC08 /* Company.m in Sources */ = {isa = PBXBuildFile; fileRef = 6B4F13CF1D07D62F00D7BC08 /* Company.m */; };
		6B4F13DA1D07D6FC00D7BC08 /* main.m in Sources */ = {isa = PBXBuildFile; fileRef = 6B4F13D91D07D6FC00D7BC08 /* main.m */; };
		6B4F13DD1D07D6FC00D7BC08 /* AppDelegate.m in Sources */ = {isa = PBXBuildFile; fileRef = 6B4F13DC1D07D6FC00D7BC08 /* AppDelegate.m */; };
		6B4F13E01D07D6FC00D7BC08 /* ViewController.m in Sources */ = {isa = PBXBuildFile; fileRef = 6B4F13DF1D07D6FC00D7BC08 /* ViewController.m */; };
		6B4F13E31D07D6FC00D7BC08 /* Main.storyboard in Resources */ = {isa = PBXBuildFile; fileRef = 6B4F13E11D07D6FC00D7BC08 /* Main.storyboard */; };
		6B4F13E51D07D6FC00D7BC08 /* Assets.xcassets in Resources */ = {isa = PBXBuildFile; fileRef = 6B4F13E41D07D6FC00D7BC08 /* Assets.xcassets */; };
		6B4F13E81D07D6FC00D7BC08 /* LaunchScreen.storyboard in Resources */ = {isa = PBXBuildFile; fileRef = 6B4F13E61D07D6FC00D7BC08 /* LaunchScreen.storyboard */; };
/* End PBXBuildFile section */

/* Begin PBXBuildRule section */
		6B4F13C31D07D2DE00D7BC08 /* PBXBuildRule */ = {
			isa = PBXBuildRule;
			compilerSpec = com.apple.compilers.proxy.script;
			fileType = sourcecode.java;
			isEditable = 1;
			outputFiles = (
				"${DERIVED_FILES_DIR}/${INPUT_FILE_BASE}.h",
				"${DERIVED_FILES_DIR}/${INPUT_FILE_BASE}.m",
			);
			script = "if [ ! -f \"${J2OBJC_HOME}/j2objc\" ]; then echo \"J2OBJC_HOME not correctly defined in Settings.xcconfig, currently set to '${J2OBJC_HOME}'\"; exit 1; fi;\necho\n\"${J2OBJC_HOME}/j2objc\" -d ${DERIVED_FILES_DIR} -sourcepath \"../PeopleProject/src\" --no-package-directories -use-arc -g ${INPUT_FILE_PATH};";
		};
/* End PBXBuildRule section */

/* Begin PBXContainerItemProxy section */
		6B4F13B31D07D28E00D7BC08 /* PBXContainerItemProxy */ = {
			isa = PBXContainerItemProxy;
			containerPortal = 6B4F139E1D07D28E00D7BC08 /* Project object */;
			proxyType = 1;
			remoteGlobalIDString = 6B4F13A61D07D28E00D7BC08;
			remoteInfo = objCFrameWork;
		};
		6B4F13EF1D07D6FC00D7BC08 /* PBXContainerItemProxy */ = {
			isa = PBXContainerItemProxy;
			containerPortal = 6B4F139E1D07D28E00D7BC08 /* Project object */;
			proxyType = 1;
			remoteGlobalIDString = 6B4F13D51D07D6FC00D7BC08;
			remoteInfo = objCFrameWorkDemo;
		};
		6B4F13FF1D07F08E00D7BC08 /* PBXContainerItemProxy */ = {
			isa = PBXContainerItemProxy;
			containerPortal = 6B4F139E1D07D28E00D7BC08 /* Project object */;
			proxyType = 1;
			remoteGlobalIDString = 6B4F13A61D07D28E00D7BC08;
			remoteInfo = objCFrameWork;
		};
/* End PBXContainerItemProxy section */

/* Begin PBXFileReference section */
		6B4F13A71D07D28E00D7BC08 /* objCFrameWork.framework */ = {isa = PBXFileReference; explicitFileType = wrapper.framework; includeInIndex = 0; path = objCFrameWork.framework; sourceTree = BUILT_PRODUCTS_DIR; };
		6B4F13AA1D07D28E00D7BC08 /* objCFrameWork.h */ = {isa = PBXFileReference; lastKnownFileType = sourcecode.c.h; path = objCFrameWork.h; sourceTree = "<group>"; };
		6B4F13AC1D07D28E00D7BC08 /* Info.plist */ = {isa = PBXFileReference; lastKnownFileType = text.plist.xml; path = Info.plist; sourceTree = "<group>"; };
		6B4F13B11D07D28E00D7BC08 /* objCFrameWorkTests.xctest */ = {isa = PBXFileReference; explicitFileType = wrapper.cfbundle; includeInIndex = 0; path = objCFrameWorkTests.xctest; sourceTree = BUILT_PRODUCTS_DIR; };
		6B4F13C11D07D2BB00D7BC08 /* Settings.xcconfig */ = {isa = PBXFileReference; fileEncoding = 4; lastKnownFileType = text.xcconfig; path = Settings.xcconfig; sourceTree = "<group>"; };
		6B4F13C61D07D34E00D7BC08 /* People.java */ = {isa = PBXFileReference; lastKnownFileType = sourcecode.java; name = People.java; path = ../PeopleProject/src/People.java; sourceTree = "<group>"; };
		6B4F13C81D07D4A000D7BC08 /* Security.framework */ = {isa = PBXFileReference; lastKnownFileType = wrapper.framework; name = Security.framework; path = System/Library/Frameworks/Security.framework; sourceTree = SDKROOT; };
		6B4F13CA1D07D4A600D7BC08 /* libcurses.tbd */ = {isa = PBXFileReference; lastKnownFileType = "sourcecode.text-based-dylib-definition"; name = libcurses.tbd; path = usr/lib/libcurses.tbd; sourceTree = SDKROOT; };
		6B4F13CC1D07D5FA00D7BC08 /* UIKit.framework */ = {isa = PBXFileReference; lastKnownFileType = wrapper.framework; name = UIKit.framework; path = System/Library/Frameworks/UIKit.framework; sourceTree = SDKROOT; };
		6B4F13CE1D07D62F00D7BC08 /* Company.h */ = {isa = PBXFileReference; fileEncoding = 4; lastKnownFileType = sourcecode.c.h; path = Company.h; sourceTree = "<group>"; };
		6B4F13CF1D07D62F00D7BC08 /* Company.m */ = {isa = PBXFileReference; fileEncoding = 4; lastKnownFileType = sourcecode.c.objc; path = Company.m; sourceTree = "<group>"; };
		6B4F13D61D07D6FC00D7BC08 /* objCFrameWorkDemo.app */ = {isa = PBXFileReference; explicitFileType = wrapper.application; includeInIndex = 0; path = objCFrameWorkDemo.app; sourceTree = BUILT_PRODUCTS_DIR; };
		6B4F13D91D07D6FC00D7BC08 /* main.m */ = {isa = PBXFileReference; lastKnownFileType = sourcecode.c.objc; path = main.m; sourceTree = "<group>"; };
		6B4F13DB1D07D6FC00D7BC08 /* AppDelegate.h */ = {isa = PBXFileReference; lastKnownFileType = sourcecode.c.h; path = AppDelegate.h; sourceTree = "<group>"; };
		6B4F13DC1D07D6FC00D7BC08 /* AppDelegate.m */ = {isa = PBXFileReference; lastKnownFileType = sourcecode.c.objc; path = AppDelegate.m; sourceTree = "<group>"; };
		6B4F13DE1D07D6FC00D7BC08 /* ViewController.h */ = {isa = PBXFileReference; lastKnownFileType = sourcecode.c.h; path = ViewController.h; sourceTree = "<group>"; };
		6B4F13DF1D07D6FC00D7BC08 /* ViewController.m */ = {isa = PBXFileReference; lastKnownFileType = sourcecode.c.objc; path = ViewController.m; sourceTree = "<group>"; };
		6B4F13E21D07D6FC00D7BC08 /* Base */ = {isa = PBXFileReference; lastKnownFileType = file.storyboard; name = Base; path = Base.lproj/Main.storyboard; sourceTree = "<group>"; };
		6B4F13E41D07D6FC00D7BC08 /* Assets.xcassets */ = {isa = PBXFileReference; lastKnownFileType = folder.assetcatalog; path = Assets.xcassets; sourceTree = "<group>"; };
		6B4F13E71D07D6FC00D7BC08 /* Base */ = {isa = PBXFileReference; lastKnownFileType = file.storyboard; name = Base; path = Base.lproj/LaunchScreen.storyboard; sourceTree = "<group>"; };
		6B4F13E91D07D6FC00D7BC08 /* Info.plist */ = {isa = PBXFileReference; lastKnownFileType = text.plist.xml; path = Info.plist; sourceTree = "<group>"; };
		6B4F13EE1D07D6FC00D7BC08 /* objCFrameWorkDemoTests.xctest */ = {isa = PBXFileReference; explicitFileType = wrapper.cfbundle; includeInIndex = 0; path = objCFrameWorkDemoTests.xctest; sourceTree = BUILT_PRODUCTS_DIR; };
/* End PBXFileReference section */

/* Begin PBXFrameworksBuildPhase section */
		6B4F13A31D07D28E00D7BC08 /* Frameworks */ = {
			isa = PBXFrameworksBuildPhase;
			buildActionMask = 2147483647;
			files = (
				6B4F13CD1D07D5FA00D7BC08 /* UIKit.framework in Frameworks */,
				6B4F13CB1D07D4A600D7BC08 /* libcurses.tbd in Frameworks */,
				6B4F13C91D07D4A000D7BC08 /* Security.framework in Frameworks */,
			);
			runOnlyForDeploymentPostprocessing = 0;
		};
		6B4F13AE1D07D28E00D7BC08 /* Frameworks */ = {
			isa = PBXFrameworksBuildPhase;
			buildActionMask = 2147483647;
			files = (
				6B4F13B21D07D28E00D7BC08 /* objCFrameWork.framework in Frameworks */,
			);
			runOnlyForDeploymentPostprocessing = 0;
		};
		6B4F13D31D07D6FC00D7BC08 /* Frameworks */ = {
			isa = PBXFrameworksBuildPhase;
			buildActionMask = 2147483647;
			files = (
			);
			runOnlyForDeploymentPostprocessing = 0;
		};
		6B4F13EB1D07D6FC00D7BC08 /* Frameworks */ = {
			isa = PBXFrameworksBuildPhase;
			buildActionMask = 2147483647;
			files = (
			);
			runOnlyForDeploymentPostprocessing = 0;
		};
/* End PBXFrameworksBuildPhase section */

/* Begin PBXGroup section */
		6B4F139D1D07D28E00D7BC08 = {
			isa = PBXGroup;
			children = (
				6B4F13CC1D07D5FA00D7BC08 /* UIKit.framework */,
				6B4F13CA1D07D4A600D7BC08 /* libcurses.tbd */,
				6B4F13C81D07D4A000D7BC08 /* Security.framework */,
				6B4F13C61D07D34E00D7BC08 /* People.java */,
				6B4F13A91D07D28E00D7BC08 /* objCFrameWork */,
				6B4F13D71D07D6FC00D7BC08 /* objCFrameWorkDemo */,
				6B4F13A81D07D28E00D7BC08 /* Products */,
			);
			sourceTree = "<group>";
		};
		6B4F13A81D07D28E00D7BC08 /* Products */ = {
			isa = PBXGroup;
			children = (
				6B4F13A71D07D28E00D7BC08 /* objCFrameWork.framework */,
				6B4F13B11D07D28E00D7BC08 /* objCFrameWorkTests.xctest */,
				6B4F13D61D07D6FC00D7BC08 /* objCFrameWorkDemo.app */,
				6B4F13EE1D07D6FC00D7BC08 /* objCFrameWorkDemoTests.xctest */,
			);
			name = Products;
			sourceTree = "<group>";
		};
		6B4F13A91D07D28E00D7BC08 /* objCFrameWork */ = {
			isa = PBXGroup;
			children = (
				6B4F13C11D07D2BB00D7BC08 /* Settings.xcconfig */,
				6B4F13AA1D07D28E00D7BC08 /* objCFrameWork.h */,
				6B4F13AC1D07D28E00D7BC08 /* Info.plist */,
				6B4F13CE1D07D62F00D7BC08 /* Company.h */,
				6B4F13CF1D07D62F00D7BC08 /* Company.m */,
			);
			path = objCFrameWork;
			sourceTree = "<group>";
		};
		6B4F13D71D07D6FC00D7BC08 /* objCFrameWorkDemo */ = {
			isa = PBXGroup;
			children = (
				6B4F13DB1D07D6FC00D7BC08 /* AppDelegate.h */,
				6B4F13DC1D07D6FC00D7BC08 /* AppDelegate.m */,
				6B4F13DE1D07D6FC00D7BC08 /* ViewController.h */,
				6B4F13DF1D07D6FC00D7BC08 /* ViewController.m */,
				6B4F13E11D07D6FC00D7BC08 /* Main.storyboard */,
				6B4F13E41D07D6FC00D7BC08 /* Assets.xcassets */,
				6B4F13E61D07D6FC00D7BC08 /* LaunchScreen.storyboard */,
				6B4F13E91D07D6FC00D7BC08 /* Info.plist */,
				6B4F13D81D07D6FC00D7BC08 /* Supporting Files */,
			);
			path = objCFrameWorkDemo;
			sourceTree = "<group>";
		};
		6B4F13D81D07D6FC00D7BC08 /* Supporting Files */ = {
			isa = PBXGroup;
			children = (
				6B4F13D91D07D6FC00D7BC08 /* main.m */,
			);
			name = "Supporting Files";
			sourceTree = "<group>";
		};
/* End PBXGroup section */

/* Begin PBXHeadersBuildPhase section */
		6B4F13A41D07D28E00D7BC08 /* Headers */ = {
			isa = PBXHeadersBuildPhase;
			buildActionMask = 2147483647;
			files = (
				6B4F13AB1D07D28E00D7BC08 /* objCFrameWork.h in Headers */,
				6B4F13D01D07D62F00D7BC08 /* Company.h in Headers */,
			);
			runOnlyForDeploymentPostprocessing = 0;
		};
/* End PBXHeadersBuildPhase section */

/* Begin PBXNativeTarget section */
		6B4F13A61D07D28E00D7BC08 /* objCFrameWork */ = {
			isa = PBXNativeTarget;
			buildConfigurationList = 6B4F13BB1D07D28E00D7BC08 /* Build configuration list for PBXNativeTarget "objCFrameWork" */;
			buildPhases = (
				6B4F13A21D07D28E00D7BC08 /* Sources */,
				6B4F13A31D07D28E00D7BC08 /* Frameworks */,
				6B4F13A41D07D28E00D7BC08 /* Headers */,
				6B4F13A51D07D28E00D7BC08 /* Resources */,
			);
			buildRules = (
				6B4F13C31D07D2DE00D7BC08 /* PBXBuildRule */,
			);
			dependencies = (
			);
			name = objCFrameWork;
			productName = objCFrameWork;
			productReference = 6B4F13A71D07D28E00D7BC08 /* objCFrameWork.framework */;
			productType = "com.apple.product-type.framework";
		};
		6B4F13B01D07D28E00D7BC08 /* objCFrameWorkTests */ = {
			isa = PBXNativeTarget;
			buildConfigurationList = 6B4F13BE1D07D28E00D7BC08 /* Build configuration list for PBXNativeTarget "objCFrameWorkTests" */;
			buildPhases = (
				6B4F13AD1D07D28E00D7BC08 /* Sources */,
				6B4F13AE1D07D28E00D7BC08 /* Frameworks */,
				6B4F13AF1D07D28E00D7BC08 /* Resources */,
			);
			buildRules = (
			);
			dependencies = (
				6B4F13B41D07D28E00D7BC08 /* PBXTargetDependency */,
			);
			name = objCFrameWorkTests;
			productName = objCFrameWorkTests;
			productReference = 6B4F13B11D07D28E00D7BC08 /* objCFrameWorkTests.xctest */;
			productType = "com.apple.product-type.bundle.unit-test";
		};
		6B4F13D51D07D6FC00D7BC08 /* objCFrameWorkDemo */ = {
			isa = PBXNativeTarget;
			buildConfigurationList = 6B4F13F51D07D6FC00D7BC08 /* Build configuration list for PBXNativeTarget "objCFrameWorkDemo" */;
			buildPhases = (
				6B4F13D21D07D6FC00D7BC08 /* Sources */,
				6B4F13D31D07D6FC00D7BC08 /* Frameworks */,
				6B4F13D41D07D6FC00D7BC08 /* Resources */,
			);
			buildRules = (
			);
			dependencies = (
				6B4F14001D07F08E00D7BC08 /* PBXTargetDependency */,
			);
			name = objCFrameWorkDemo;
			productName = objCFrameWorkDemo;
			productReference = 6B4F13D61D07D6FC00D7BC08 /* objCFrameWorkDemo.app */;
			productType = "com.apple.product-type.application";
		};
		6B4F13ED1D07D6FC00D7BC08 /* objCFrameWorkDemoTests */ = {
			isa = PBXNativeTarget;
			buildConfigurationList = 6B4F13F81D07D6FC00D7BC08 /* Build configuration list for PBXNativeTarget "objCFrameWorkDemoTests" */;
			buildPhases = (
				6B4F13EA1D07D6FC00D7BC08 /* Sources */,
				6B4F13EB1D07D6FC00D7BC08 /* Frameworks */,
				6B4F13EC1D07D6FC00D7BC08 /* Resources */,
			);
			buildRules = (
			);
			dependencies = (
				6B4F13F01D07D6FC00D7BC08 /* PBXTargetDependency */,
			);
			name = objCFrameWorkDemoTests;
			productName = objCFrameWorkDemoTests;
			productReference = 6B4F13EE1D07D6FC00D7BC08 /* objCFrameWorkDemoTests.xctest */;
			productType = "com.apple.product-type.bundle.unit-test";
		};
/* End PBXNativeTarget section */

/* Begin PBXProject section */
		6B4F139E1D07D28E00D7BC08 /* Project object */ = {
			isa = PBXProject;
			attributes = {
				LastUpgradeCheck = 0730;
				ORGANIZATIONNAME = grapecity;
				TargetAttributes = {
					6B4F13A61D07D28E00D7BC08 = {
						CreatedOnToolsVersion = 7.3;
					};
					6B4F13B01D07D28E00D7BC08 = {
						CreatedOnToolsVersion = 7.3;
					};
					6B4F13D51D07D6FC00D7BC08 = {
						CreatedOnToolsVersion = 7.3;
					};
					6B4F13ED1D07D6FC00D7BC08 = {
						CreatedOnToolsVersion = 7.3;
						TestTargetID = 6B4F13D51D07D6FC00D7BC08;
					};
				};
			};
			buildConfigurationList = 6B4F13A11D07D28E00D7BC08 /* Build configuration list for PBXProject "objCFrameWork" */;
			compatibilityVersion = "Xcode 3.2";
			developmentRegion = English;
			hasScannedForEncodings = 0;
			knownRegions = (
				en,
				Base,
			);
			mainGroup = 6B4F139D1D07D28E00D7BC08;
			productRefGroup = 6B4F13A81D07D28E00D7BC08 /* Products */;
			projectDirPath = "";
			projectRoot = "";
			targets = (
				6B4F13A61D07D28E00D7BC08 /* objCFrameWork */,
				6B4F13B01D07D28E00D7BC08 /* objCFrameWorkTests */,
				6B4F13D51D07D6FC00D7BC08 /* objCFrameWorkDemo */,
				6B4F13ED1D07D6FC00D7BC08 /* objCFrameWorkDemoTests */,
			);
		};
/* End PBXProject section */

/* Begin PBXResourcesBuildPhase section */
		6B4F13A51D07D28E00D7BC08 /* Resources */ = {
			isa = PBXResourcesBuildPhase;
			buildActionMask = 2147483647;
			files = (
				6B4F13C21D07D2BB00D7BC08 /* Settings.xcconfig in Resources */,
			);
			runOnlyForDeploymentPostprocessing = 0;
		};
		6B4F13AF1D07D28E00D7BC08 /* Resources */ = {
			isa = PBXResourcesBuildPhase;
			buildActionMask = 2147483647;
			files = (
			);
			runOnlyForDeploymentPostprocessing = 0;
		};
		6B4F13D41D07D6FC00D7BC08 /* Resources */ = {
			isa = PBXResourcesBuildPhase;
			buildActionMask = 2147483647;
			files = (
				6B4F13E81D07D6FC00D7BC08 /* LaunchScreen.storyboard in Resources */,
				6B4F13E51D07D6FC00D7BC08 /* Assets.xcassets in Resources */,
				6B4F13E31D07D6FC00D7BC08 /* Main.storyboard in Resources */,
			);
			runOnlyForDeploymentPostprocessing = 0;
		};
		6B4F13EC1D07D6FC00D7BC08 /* Resources */ = {
			isa = PBXResourcesBuildPhase;
			buildActionMask = 2147483647;
			files = (
			);
			runOnlyForDeploymentPostprocessing = 0;
		};
/* End PBXResourcesBuildPhase section */

/* Begin PBXSourcesBuildPhase section */
		6B4F13A21D07D28E00D7BC08 /* Sources */ = {
			isa = PBXSourcesBuildPhase;
			buildActionMask = 2147483647;
			files = (
				6B4F13C71D07D34E00D7BC08 /* People.java in Sources */,
				6B4F13D11D07D62F00D7BC08 /* Company.m in Sources */,
			);
			runOnlyForDeploymentPostprocessing = 0;
		};
		6B4F13AD1D07D28E00D7BC08 /* Sources */ = {
			isa = PBXSourcesBuildPhase;
			buildActionMask = 2147483647;
			files = (
			);
			runOnlyForDeploymentPostprocessing = 0;
		};
		6B4F13D21D07D6FC00D7BC08 /* Sources */ = {
			isa = PBXSourcesBuildPhase;
			buildActionMask = 2147483647;
			files = (
				6B4F13E01D07D6FC00D7BC08 /* ViewController.m in Sources */,
				6B4F13DD1D07D6FC00D7BC08 /* AppDelegate.m in Sources */,
				6B4F13DA1D07D6FC00D7BC08 /* main.m in Sources */,
			);
			runOnlyForDeploymentPostprocessing = 0;
		};
		6B4F13EA1D07D6FC00D7BC08 /* Sources */ = {
			isa = PBXSourcesBuildPhase;
			buildActionMask = 2147483647;
			files = (
			);
			runOnlyForDeploymentPostprocessing = 0;
		};
/* End PBXSourcesBuildPhase section */

/* Begin PBXTargetDependency section */
		6B4F13B41D07D28E00D7BC08 /* PBXTargetDependency */ = {
			isa = PBXTargetDependency;
			target = 6B4F13A61D07D28E00D7BC08 /* objCFrameWork */;
			targetProxy = 6B4F13B31D07D28E00D7BC08 /* PBXContainerItemProxy */;
		};
		6B4F13F01D07D6FC00D7BC08 /* PBXTargetDependency */ = {
			isa = PBXTargetDependency;
			target = 6B4F13D51D07D6FC00D7BC08 /* objCFrameWorkDemo */;
			targetProxy = 6B4F13EF1D07D6FC00D7BC08 /* PBXContainerItemProxy */;
		};
		6B4F14001D07F08E00D7BC08 /* PBXTargetDependency */ = {
			isa = PBXTargetDependency;
			target = 6B4F13A61D07D28E00D7BC08 /* objCFrameWork */;
			targetProxy = 6B4F13FF1D07F08E00D7BC08 /* PBXContainerItemProxy */;
		};
/* End PBXTargetDependency section */

/* Begin PBXVariantGroup section */
		6B4F13E11D07D6FC00D7BC08 /* Main.storyboard */ = {
			isa = PBXVariantGroup;
			children = (
				6B4F13E21D07D6FC00D7BC08 /* Base */,
			);
			name = Main.storyboard;
			sourceTree = "<group>";
		};
		6B4F13E61D07D6FC00D7BC08 /* LaunchScreen.storyboard */ = {
			isa = PBXVariantGroup;
			children = (
				6B4F13E71D07D6FC00D7BC08 /* Base */,
			);
			name = LaunchScreen.storyboard;
			sourceTree = "<group>";
		};
/* End PBXVariantGroup section */

/* Begin XCBuildConfiguration section */
		6B4F13B91D07D28E00D7BC08 /* Debug */ = {
			isa = XCBuildConfiguration;
			baseConfigurationReference = 6B4F13C11D07D2BB00D7BC08 /* Settings.xcconfig */;
			buildSettings = {
				ALWAYS_SEARCH_USER_PATHS = NO;
				CLANG_ANALYZER_NONNULL = YES;
				CLANG_CXX_LANGUAGE_STANDARD = "gnu++0x";
				CLANG_CXX_LIBRARY = "libc++";
				CLANG_ENABLE_MODULES = YES;
				CLANG_ENABLE_OBJC_ARC = YES;
				CLANG_WARN_BOOL_CONVERSION = YES;
				CLANG_WARN_CONSTANT_CONVERSION = YES;
				CLANG_WARN_DIRECT_OBJC_ISA_USAGE = YES_ERROR;
				CLANG_WARN_EMPTY_BODY = YES;
				CLANG_WARN_ENUM_CONVERSION = YES;
				CLANG_WARN_INT_CONVERSION = YES;
				CLANG_WARN_OBJC_ROOT_CLASS = YES_ERROR;
				CLANG_WARN_UNREACHABLE_CODE = YES;
				CLANG_WARN__DUPLICATE_METHOD_MATCH = YES;
				"CODE_SIGN_IDENTITY[sdk=iphoneos*]" = "iPhone Developer";
				COPY_PHASE_STRIP = NO;
				CURRENT_PROJECT_VERSION = 1;
				DEBUG_INFORMATION_FORMAT = dwarf;
				ENABLE_STRICT_OBJC_MSGSEND = YES;
				ENABLE_TESTABILITY = YES;
				GCC_C_LANGUAGE_STANDARD = gnu99;
				GCC_DYNAMIC_NO_PIC = NO;
				GCC_NO_COMMON_BLOCKS = YES;
				GCC_OPTIMIZATION_LEVEL = 0;
				GCC_PREPROCESSOR_DEFINITIONS = (
					"DEBUG=1",
					"$(inherited)",
				);
				GCC_WARN_64_TO_32_BIT_CONVERSION = YES;
				GCC_WARN_ABOUT_RETURN_TYPE = YES_ERROR;
				GCC_WARN_UNDECLARED_SELECTOR = YES;
				GCC_WARN_UNINITIALIZED_AUTOS = YES_AGGRESSIVE;
				GCC_WARN_UNUSED_FUNCTION = YES;
				GCC_WARN_UNUSED_VARIABLE = YES;
				IPHONEOS_DEPLOYMENT_TARGET = 9.3;
				MTL_ENABLE_DEBUG_INFO = YES;
				ONLY_ACTIVE_ARCH = YES;
				SDKROOT = iphoneos;
				TARGETED_DEVICE_FAMILY = "1,2";
				VERSIONING_SYSTEM = "apple-generic";
				VERSION_INFO_PREFIX = "";
			};
			name = Debug;
		};
		6B4F13BA1D07D28E00D7BC08 /* Release */ = {
			isa = XCBuildConfiguration;
			baseConfigurationReference = 6B4F13C11D07D2BB00D7BC08 /* Settings.xcconfig */;
			buildSettings = {
				ALWAYS_SEARCH_USER_PATHS = NO;
				CLANG_ANALYZER_NONNULL = YES;
				CLANG_CXX_LANGUAGE_STANDARD = "gnu++0x";
				CLANG_CXX_LIBRARY = "libc++";
				CLANG_ENABLE_MODULES = YES;
				CLANG_ENABLE_OBJC_ARC = YES;
				CLANG_WARN_BOOL_CONVERSION = YES;
				CLANG_WARN_CONSTANT_CONVERSION = YES;
				CLANG_WARN_DIRECT_OBJC_ISA_USAGE = YES_ERROR;
				CLANG_WARN_EMPTY_BODY = YES;
				CLANG_WARN_ENUM_CONVERSION = YES;
				CLANG_WARN_INT_CONVERSION = YES;
				CLANG_WARN_OBJC_ROOT_CLASS = YES_ERROR;
				CLANG_WARN_UNREACHABLE_CODE = YES;
				CLANG_WARN__DUPLICATE_METHOD_MATCH = YES;
				"CODE_SIGN_IDENTITY[sdk=iphoneos*]" = "iPhone Developer";
				COPY_PHASE_STRIP = NO;
				CURRENT_PROJECT_VERSION = 1;
				DEBUG_INFORMATION_FORMAT = "dwarf-with-dsym";
				ENABLE_NS_ASSERTIONS = NO;
				ENABLE_STRICT_OBJC_MSGSEND = YES;
				GCC_C_LANGUAGE_STANDARD = gnu99;
				GCC_NO_COMMON_BLOCKS = YES;
				GCC_WARN_64_TO_32_BIT_CONVERSION = YES;
				GCC_WARN_ABOUT_RETURN_TYPE = YES_ERROR;
				GCC_WARN_UNDECLARED_SELECTOR = YES;
				GCC_WARN_UNINITIALIZED_AUTOS = YES_AGGRESSIVE;
				GCC_WARN_UNUSED_FUNCTION = YES;
				GCC_WARN_UNUSED_VARIABLE = YES;
				IPHONEOS_DEPLOYMENT_TARGET = 9.3;
				MTL_ENABLE_DEBUG_INFO = NO;
				SDKROOT = iphoneos;
				TARGETED_DEVICE_FAMILY = "1,2";
				VALIDATE_PRODUCT = YES;
				VERSIONING_SYSTEM = "apple-generic";
				VERSION_INFO_PREFIX = "";
			};
			name = Release;
		};
		6B4F13BC1D07D28E00D7BC08 /* Debug */ = {
			isa = XCBuildConfiguration;
			buildSettings = {
				DEFINES_MODULE = YES;
				DYLIB_COMPATIBILITY_VERSION = 1;
				DYLIB_CURRENT_VERSION = 1;
				DYLIB_INSTALL_NAME_BASE = "@rpath";
				INFOPLIST_FILE = objCFrameWork/Info.plist;
				INSTALL_PATH = "$(LOCAL_LIBRARY_DIR)/Frameworks";
				LD_RUNPATH_SEARCH_PATHS = "$(inherited) @executable_path/Frameworks @loader_path/Frameworks";
				ONLY_ACTIVE_ARCH = YES;
				PRODUCT_BUNDLE_IDENTIFIER = com.objCFrameWork;
				PRODUCT_NAME = "$(TARGET_NAME)";
				SKIP_INSTALL = YES;
			};
			name = Debug;
		};
		6B4F13BD1D07D28E00D7BC08 /* Release */ = {
			isa = XCBuildConfiguration;
			buildSettings = {
				DEFINES_MODULE = YES;
				DYLIB_COMPATIBILITY_VERSION = 1;
				DYLIB_CURRENT_VERSION = 1;
				DYLIB_INSTALL_NAME_BASE = "@rpath";
				INFOPLIST_FILE = objCFrameWork/Info.plist;
				INSTALL_PATH = "$(LOCAL_LIBRARY_DIR)/Frameworks";
				LD_RUNPATH_SEARCH_PATHS = "$(inherited) @executable_path/Frameworks @loader_path/Frameworks";
				ONLY_ACTIVE_ARCH = YES;
				PRODUCT_BUNDLE_IDENTIFIER = com.objCFrameWork;
				PRODUCT_NAME = "$(TARGET_NAME)";
				SKIP_INSTALL = YES;
			};
			name = Release;
		};
		6B4F13BF1D07D28E00D7BC08 /* Debug */ = {
			isa = XCBuildConfiguration;
			buildSettings = {
				INFOPLIST_FILE = objCFrameWorkTests/Info.plist;
				LD_RUNPATH_SEARCH_PATHS = "$(inherited) @executable_path/Frameworks @loader_path/Frameworks";
				PRODUCT_BUNDLE_IDENTIFIER = com.objCFrameWorkTests;
				PRODUCT_NAME = "$(TARGET_NAME)";
			};
			name = Debug;
		};
		6B4F13C01D07D28E00D7BC08 /* Release */ = {
			isa = XCBuildConfiguration;
			buildSettings = {
				INFOPLIST_FILE = objCFrameWorkTests/Info.plist;
				LD_RUNPATH_SEARCH_PATHS = "$(inherited) @executable_path/Frameworks @loader_path/Frameworks";
				PRODUCT_BUNDLE_IDENTIFIER = com.objCFrameWorkTests;
				PRODUCT_NAME = "$(TARGET_NAME)";
			};
			name = Release;
		};
		6B4F13F61D07D6FC00D7BC08 /* Debug */ = {
			isa = XCBuildConfiguration;
			buildSettings = {
				ASSETCATALOG_COMPILER_APPICON_NAME = AppIcon;
				INFOPLIST_FILE = objCFrameWorkDemo/Info.plist;
				LD_RUNPATH_SEARCH_PATHS = "$(inherited) @executable_path/Frameworks";
				PRODUCT_BUNDLE_IDENTIFIER = com.objCFrameWorkDemo;
				PRODUCT_NAME = "$(TARGET_NAME)";
			};
			name = Debug;
		};
		6B4F13F71D07D6FC00D7BC08 /* Release */ = {
			isa = XCBuildConfiguration;
			buildSettings = {
				ASSETCATALOG_COMPILER_APPICON_NAME = AppIcon;
				INFOPLIST_FILE = objCFrameWorkDemo/Info.plist;
				LD_RUNPATH_SEARCH_PATHS = "$(inherited) @executable_path/Frameworks";
				PRODUCT_BUNDLE_IDENTIFIER = com.objCFrameWorkDemo;
				PRODUCT_NAME = "$(TARGET_NAME)";
			};
			name = Release;
		};
		6B4F13F91D07D6FC00D7BC08 /* Debug */ = {
			isa = XCBuildConfiguration;
			buildSettings = {
				BUNDLE_LOADER = "$(TEST_HOST)";
				INFOPLIST_FILE = objCFrameWorkDemoTests/Info.plist;
				LD_RUNPATH_SEARCH_PATHS = "$(inherited) @executable_path/Frameworks @loader_path/Frameworks";
				PRODUCT_BUNDLE_IDENTIFIER = com.objCFrameWorkDemoTests;
				PRODUCT_NAME = "$(TARGET_NAME)";
				TEST_HOST = "$(BUILT_PRODUCTS_DIR)/objCFrameWorkDemo.app/objCFrameWorkDemo";
			};
			name = Debug;
		};
		6B4F13FA1D07D6FC00D7BC08 /* Release */ = {
			isa = XCBuildConfiguration;
			buildSettings = {
				BUNDLE_LOADER = "$(TEST_HOST)";
				INFOPLIST_FILE = objCFrameWorkDemoTests/Info.plist;
				LD_RUNPATH_SEARCH_PATHS = "$(inherited) @executable_path/Frameworks @loader_path/Frameworks";
				PRODUCT_BUNDLE_IDENTIFIER = com.objCFrameWorkDemoTests;
				PRODUCT_NAME = "$(TARGET_NAME)";
				TEST_HOST = "$(BUILT_PRODUCTS_DIR)/objCFrameWorkDemo.app/objCFrameWorkDemo";
			};
			name = Release;
		};
/* End XCBuildConfiguration section */

/* Begin XCConfigurationList section */
		6B4F13A11D07D28E00D7BC08 /* Build configuration list for PBXProject "objCFrameWork" */ = {
			isa = XCConfigurationList;
			buildConfigurations = (
				6B4F13B91D07D28E00D7BC08 /* Debug */,
				6B4F13BA1D07D28E00D7BC08 /* Release */,
			);
			defaultConfigurationIsVisible = 0;
			defaultConfigurationName = Release;
		};
		6B4F13BB1D07D28E00D7BC08 /* Build configuration list for PBXNativeTarget "objCFrameWork" */ = {
			isa = XCConfigurationList;
			buildConfigurations = (
				6B4F13BC1D07D28E00D7BC08 /* Debug */,
				6B4F13BD1D07D28E00D7BC08 /* Release */,
			);
			defaultConfigurationIsVisible = 0;
		};
		6B4F13BE1D07D28E00D7BC08 /* Build configuration list for PBXNativeTarget "objCFrameWorkTests" */ = {
			isa = XCConfigurationList;
			buildConfigurations = (
				6B4F13BF1D07D28E00D7BC08 /* Debug */,
				6B4F13C01D07D28E00D7BC08 /* Release */,
			);
			defaultConfigurationIsVisible = 0;
		};
		6B4F13F51D07D6FC00D7BC08 /* Build configuration list for PBXNativeTarget "objCFrameWorkDemo" */ = {
			isa = XCConfigurationList;
			buildConfigurations = (
				6B4F13F61D07D6FC00D7BC08 /* Debug */,
				6B4F13F71D07D6FC00D7BC08 /* Release */,
			);
			defaultConfigurationIsVisible = 0;
		};
		6B4F13F81D07D6FC00D7BC08 /* Build configuration list for PBXNativeTarget "objCFrameWorkDemoTests" */ = {
			isa = XCConfigurationList;
			buildConfigurations = (
				6B4F13F91D07D6FC00D7BC08 /* Debug */,
				6B4F13FA1D07D6FC00D7BC08 /* Release */,
			);
			defaultConfigurationIsVisible = 0;
		};
/* End XCConfigurationList section */
	};
	rootObject = 6B4F139E1D07D28E00D7BC08 /* Project object */;
}
