// !$*UTF8*$!
{
	archiveVersion = 1;
	classes = {
	};
	objectVersion = 46;
	objects = {

/* Begin PBXBuildFile section */
		6B4F13761D07CB5200D7BC08 /* AppDelegate.swift in Sources */ = {isa = PBXBuildFile; fileRef = 6B4F13751D07CB5200D7BC08 /* AppDelegate.swift */; };
		6B4F13781D07CB5200D7BC08 /* ViewController.swift in Sources */ = {isa = PBXBuildFile; fileRef = 6B4F13771D07CB5200D7BC08 /* ViewController.swift */; };
		6B4F137B1D07CB5200D7BC08 /* Main.storyboard in Resources */ = {isa = PBXBuildFile; fileRef = 6B4F13791D07CB5200D7BC08 /* Main.storyboard */; };
		6B4F137D1D07CB5200D7BC08 /* Assets.xcassets in Resources */ = {isa = PBXBuildFile; fileRef = 6B4F137C1D07CB5200D7BC08 /* Assets.xcassets */; };
		6B4F13801D07CB5200D7BC08 /* LaunchScreen.storyboard in Resources */ = {isa = PBXBuildFile; fileRef = 6B4F137E1D07CB5200D7BC08 /* LaunchScreen.storyboard */; };
		6B4F138B1D07CB5200D7BC08 /* J2ObjcAppTests.swift in Sources */ = {isa = PBXBuildFile; fileRef = 6B4F138A1D07CB5200D7BC08 /* J2ObjcAppTests.swift */; };
		6B4F13981D07CF9500D7BC08 /* src in Resources */ = {isa = PBXBuildFile; fileRef = 6B4F13971D07CF9500D7BC08 /* src */; };
		6B4F139C1D07D1CA00D7BC08 /* People.java in Sources */ = {isa = PBXBuildFile; fileRef = 6B4F139B1D07D1CA00D7BC08 /* People.java */; };
/* End PBXBuildFile section */

/* Begin PBXBuildRule section */
		6B4F13961D07CEFD00D7BC08 /* PBXBuildRule */ = {
			isa = PBXBuildRule;
			compilerSpec = com.apple.compilers.proxy.script;
			fileType = sourcecode.java;
			isEditable = 1;
			outputFiles = (
				"${DERIVED_FILES_DIR}/${INPUT_FILE_BASE}.h",
				"${DERIVED_FILES_DIR}/${INPUT_FILE_BASE}.m",
			);
			script = "if [ ! -f \"${J2OBJC_HOME}/j2objc\" ]; then echo \"J2OBJC_HOME not correctly defined in Settings.xcconfig, currently set to '${J2OBJC_HOME}'\"; exit 1; fi;\n\"${J2OBJC_HOME}/j2objc\" -d ${DERIVED_FILES_DIR} -sourcepath \"../PeopleProject/src\" --no-package-directories -use-arc -g ${INPUT_FILE_PATH};";
		};
/* End PBXBuildRule section */

/* Begin PBXContainerItemProxy section */
		6B4F13871D07CB5200D7BC08 /* PBXContainerItemProxy */ = {
			isa = PBXContainerItemProxy;
			containerPortal = 6B4F136A1D07CB5200D7BC08 /* Project object */;
			proxyType = 1;
			remoteGlobalIDString = 6B4F13711D07CB5200D7BC08;
			remoteInfo = J2ObjcApp;
		};
/* End PBXContainerItemProxy section */

/* Begin PBXFileReference section */
		6B4F13721D07CB5200D7BC08 /* J2ObjcApp.app */ = {isa = PBXFileReference; explicitFileType = wrapper.application; includeInIndex = 0; path = J2ObjcApp.app; sourceTree = BUILT_PRODUCTS_DIR; };
		6B4F13751D07CB5200D7BC08 /* AppDelegate.swift */ = {isa = PBXFileReference; lastKnownFileType = sourcecode.swift; path = AppDelegate.swift; sourceTree = "<group>"; };
		6B4F13771D07CB5200D7BC08 /* ViewController.swift */ = {isa = PBXFileReference; lastKnownFileType = sourcecode.swift; path = ViewController.swift; sourceTree = "<group>"; };
		6B4F137A1D07CB5200D7BC08 /* Base */ = {isa = PBXFileReference; lastKnownFileType = file.storyboard; name = Base; path = Base.lproj/Main.storyboard; sourceTree = "<group>"; };
		6B4F137C1D07CB5200D7BC08 /* Assets.xcassets */ = {isa = PBXFileReference; lastKnownFileType = folder.assetcatalog; path = Assets.xcassets; sourceTree = "<group>"; };
		6B4F137F1D07CB5200D7BC08 /* Base */ = {isa = PBXFileReference; lastKnownFileType = file.storyboard; name = Base; path = Base.lproj/LaunchScreen.storyboard; sourceTree = "<group>"; };
		6B4F13811D07CB5200D7BC08 /* Info.plist */ = {isa = PBXFileReference; lastKnownFileType = text.plist.xml; path = Info.plist; sourceTree = "<group>"; };
		6B4F13861D07CB5200D7BC08 /* J2ObjcAppTests.xctest */ = {isa = PBXFileReference; explicitFileType = wrapper.cfbundle; includeInIndex = 0; path = J2ObjcAppTests.xctest; sourceTree = BUILT_PRODUCTS_DIR; };
		6B4F138A1D07CB5200D7BC08 /* J2ObjcAppTests.swift */ = {isa = PBXFileReference; lastKnownFileType = sourcecode.swift; path = J2ObjcAppTests.swift; sourceTree = "<group>"; };
		6B4F138C1D07CB5200D7BC08 /* Info.plist */ = {isa = PBXFileReference; lastKnownFileType = text.plist.xml; path = Info.plist; sourceTree = "<group>"; };
		6B4F13951D07CE9500D7BC08 /* Settings.xcconfig */ = {isa = PBXFileReference; lastKnownFileType = text.xcconfig; path = Settings.xcconfig; sourceTree = "<group>"; };
		6B4F13971D07CF9500D7BC08 /* src */ = {isa = PBXFileReference; lastKnownFileType = folder; name = src; path = /Users/leogeng/Desktop/FrameWork/PeopleProject/src; sourceTree = "<absolute>"; };
		6B4F13991D07D13700D7BC08 /* J2ObjcApp-Bridging-Header.h */ = {isa = PBXFileReference; lastKnownFileType = sourcecode.c.h; path = "J2ObjcApp-Bridging-Header.h"; sourceTree = "<group>"; };
		6B4F139B1D07D1CA00D7BC08 /* People.java */ = {isa = PBXFileReference; lastKnownFileType = sourcecode.java; name = People.java; path = ../PeopleProject/src/People.java; sourceTree = "<group>"; };
/* End PBXFileReference section */

/* Begin PBXFrameworksBuildPhase section */
		6B4F136F1D07CB5200D7BC08 /* Frameworks */ = {
			isa = PBXFrameworksBuildPhase;
			buildActionMask = 2147483647;
			files = (
			);
			runOnlyForDeploymentPostprocessing = 0;
		};
		6B4F13831D07CB5200D7BC08 /* Frameworks */ = {
			isa = PBXFrameworksBuildPhase;
			buildActionMask = 2147483647;
			files = (
			);
			runOnlyForDeploymentPostprocessing = 0;
		};
/* End PBXFrameworksBuildPhase section */

/* Begin PBXGroup section */
		6B4F13691D07CB5200D7BC08 = {
			isa = PBXGroup;
			children = (
				6B4F139B1D07D1CA00D7BC08 /* People.java */,
				6B4F13741D07CB5200D7BC08 /* J2ObjcApp */,
				6B4F13891D07CB5200D7BC08 /* J2ObjcAppTests */,
				6B4F13731D07CB5200D7BC08 /* Products */,
			);
			sourceTree = "<group>";
		};
		6B4F13731D07CB5200D7BC08 /* Products */ = {
			isa = PBXGroup;
			children = (
				6B4F13721D07CB5200D7BC08 /* J2ObjcApp.app */,
				6B4F13861D07CB5200D7BC08 /* J2ObjcAppTests.xctest */,
			);
			name = Products;
			sourceTree = "<group>";
		};
		6B4F13741D07CB5200D7BC08 /* J2ObjcApp */ = {
			isa = PBXGroup;
			children = (
				6B4F13751D07CB5200D7BC08 /* AppDelegate.swift */,
				6B4F13771D07CB5200D7BC08 /* ViewController.swift */,
				6B4F13791D07CB5200D7BC08 /* Main.storyboard */,
				6B4F137C1D07CB5200D7BC08 /* Assets.xcassets */,
				6B4F137E1D07CB5200D7BC08 /* LaunchScreen.storyboard */,
				6B4F13811D07CB5200D7BC08 /* Info.plist */,
				6B4F13951D07CE9500D7BC08 /* Settings.xcconfig */,
				6B4F13991D07D13700D7BC08 /* J2ObjcApp-Bridging-Header.h */,
			);
			path = J2ObjcApp;
			sourceTree = "<group>";
		};
		6B4F13891D07CB5200D7BC08 /* J2ObjcAppTests */ = {
			isa = PBXGroup;
			children = (
				6B4F138A1D07CB5200D7BC08 /* J2ObjcAppTests.swift */,
				6B4F138C1D07CB5200D7BC08 /* Info.plist */,
			);
			path = J2ObjcAppTests;
			sourceTree = "<group>";
		};
/* End PBXGroup section */

/* Begin PBXNativeTarget section */
		6B4F13711D07CB5200D7BC08 /* J2ObjcApp */ = {
			isa = PBXNativeTarget;
			buildConfigurationList = 6B4F138F1D07CB5200D7BC08 /* Build configuration list for PBXNativeTarget "J2ObjcApp" */;
			buildPhases = (
				6B4F136E1D07CB5200D7BC08 /* Sources */,
				6B4F136F1D07CB5200D7BC08 /* Frameworks */,
				6B4F13701D07CB5200D7BC08 /* Resources */,
			);
			buildRules = (
				6B4F13961D07CEFD00D7BC08 /* PBXBuildRule */,
			);
			dependencies = (
			);
			name = J2ObjcApp;
			productName = J2ObjcApp;
			productReference = 6B4F13721D07CB5200D7BC08 /* J2ObjcApp.app */;
			productType = "com.apple.product-type.application";
		};
		6B4F13851D07CB5200D7BC08 /* J2ObjcAppTests */ = {
			isa = PBXNativeTarget;
			buildConfigurationList = 6B4F13921D07CB5200D7BC08 /* Build configuration list for PBXNativeTarget "J2ObjcAppTests" */;
			buildPhases = (
				6B4F13821D07CB5200D7BC08 /* Sources */,
				6B4F13831D07CB5200D7BC08 /* Frameworks */,
				6B4F13841D07CB5200D7BC08 /* Resources */,
			);
			buildRules = (
			);
			dependencies = (
				6B4F13881D07CB5200D7BC08 /* PBXTargetDependency */,
			);
			name = J2ObjcAppTests;
			productName = J2ObjcAppTests;
			productReference = 6B4F13861D07CB5200D7BC08 /* J2ObjcAppTests.xctest */;
			productType = "com.apple.product-type.bundle.unit-test";
		};
/* End PBXNativeTarget section */

/* Begin PBXProject section */
		6B4F136A1D07CB5200D7BC08 /* Project object */ = {
			isa = PBXProject;
			attributes = {
				LastSwiftUpdateCheck = 0730;
				LastUpgradeCheck = 0730;
				ORGANIZATIONNAME = grapecity;
				TargetAttributes = {
					6B4F13711D07CB5200D7BC08 = {
						CreatedOnToolsVersion = 7.3;
					};
					6B4F13851D07CB5200D7BC08 = {
						CreatedOnToolsVersion = 7.3;
						TestTargetID = 6B4F13711D07CB5200D7BC08;
					};
				};
			};
			buildConfigurationList = 6B4F136D1D07CB5200D7BC08 /* Build configuration list for PBXProject "J2ObjcApp" */;
			compatibilityVersion = "Xcode 3.2";
			developmentRegion = English;
			hasScannedForEncodings = 0;
			knownRegions = (
				en,
				Base,
			);
			mainGroup = 6B4F13691D07CB5200D7BC08;
			productRefGroup = 6B4F13731D07CB5200D7BC08 /* Products */;
			projectDirPath = "";
			projectRoot = "";
			targets = (
				6B4F13711D07CB5200D7BC08 /* J2ObjcApp */,
				6B4F13851D07CB5200D7BC08 /* J2ObjcAppTests */,
			);
		};
/* End PBXProject section */

/* Begin PBXResourcesBuildPhase section */
		6B4F13701D07CB5200D7BC08 /* Resources */ = {
			isa = PBXResourcesBuildPhase;
			buildActionMask = 2147483647;
			files = (
				6B4F13801D07CB5200D7BC08 /* LaunchScreen.storyboard in Resources */,
				6B4F137D1D07CB5200D7BC08 /* Assets.xcassets in Resources */,
				6B4F137B1D07CB5200D7BC08 /* Main.storyboard in Resources */,
				6B4F13981D07CF9500D7BC08 /* src in Resources */,
			);
			runOnlyForDeploymentPostprocessing = 0;
		};
		6B4F13841D07CB5200D7BC08 /* Resources */ = {
			isa = PBXResourcesBuildPhase;
			buildActionMask = 2147483647;
			files = (
			);
			runOnlyForDeploymentPostprocessing = 0;
		};
/* End PBXResourcesBuildPhase section */

/* Begin PBXSourcesBuildPhase section */
		6B4F136E1D07CB5200D7BC08 /* Sources */ = {
			isa = PBXSourcesBuildPhase;
			buildActionMask = 2147483647;
			files = (
				6B4F139C1D07D1CA00D7BC08 /* People.java in Sources */,
				6B4F13781D07CB5200D7BC08 /* ViewController.swift in Sources */,
				6B4F13761D07CB5200D7BC08 /* AppDelegate.swift in Sources */,
			);
			runOnlyForDeploymentPostprocessing = 0;
		};
		6B4F13821D07CB5200D7BC08 /* Sources */ = {
			isa = PBXSourcesBuildPhase;
			buildActionMask = 2147483647;
			files = (
				6B4F138B1D07CB5200D7BC08 /* J2ObjcAppTests.swift in Sources */,
			);
			runOnlyForDeploymentPostprocessing = 0;
		};
/* End PBXSourcesBuildPhase section */

/* Begin PBXTargetDependency section */
		6B4F13881D07CB5200D7BC08 /* PBXTargetDependency */ = {
			isa = PBXTargetDependency;
			target = 6B4F13711D07CB5200D7BC08 /* J2ObjcApp */;
			targetProxy = 6B4F13871D07CB5200D7BC08 /* PBXContainerItemProxy */;
		};
/* End PBXTargetDependency section */

/* Begin PBXVariantGroup section */
		6B4F13791D07CB5200D7BC08 /* Main.storyboard */ = {
			isa = PBXVariantGroup;
			children = (
				6B4F137A1D07CB5200D7BC08 /* Base */,
			);
			name = Main.storyboard;
			sourceTree = "<group>";
		};
		6B4F137E1D07CB5200D7BC08 /* LaunchScreen.storyboard */ = {
			isa = PBXVariantGroup;
			children = (
				6B4F137F1D07CB5200D7BC08 /* Base */,
			);
			name = LaunchScreen.storyboard;
			sourceTree = "<group>";
		};
/* End PBXVariantGroup section */

/* Begin XCBuildConfiguration section */
		6B4F138D1D07CB5200D7BC08 /* Debug */ = {
			isa = XCBuildConfiguration;
			baseConfigurationReference = 6B4F13951D07CE9500D7BC08 /* Settings.xcconfig */;
			buildSettings = {
				ALWAYS_SEARCH_USER_PATHS = NO;
				CLANG_ANALYZER_NONNULL = YES;
				CLANG_CXX_LANGUAGE_STANDARD = "gnu++0x";
				CLANG_CXX_LIBRARY = "libc++";
				CLANG_ENABLE_MODULES = YES;
				CLANG_ENABLE_OBJC_ARC = YES;
				CLANG_WARN_BOOL_CONVERSION = YES;
				CLANG_WARN_CONSTANT_CONVERSION = YES;
				CLANG_WARN_DIRECT_OBJC_ISA_USAGE = YES_ERROR;
				CLANG_WARN_EMPTY_BODY = YES;
				CLANG_WARN_ENUM_CONVERSION = YES;
				CLANG_WARN_INT_CONVERSION = YES;
				CLANG_WARN_OBJC_ROOT_CLASS = YES_ERROR;
				CLANG_WARN_UNREACHABLE_CODE = YES;
				CLANG_WARN__DUPLICATE_METHOD_MATCH = YES;
				"CODE_SIGN_IDENTITY[sdk=iphoneos*]" = "iPhone Developer";
				COPY_PHASE_STRIP = NO;
				DEBUG_INFORMATION_FORMAT = dwarf;
				ENABLE_STRICT_OBJC_MSGSEND = YES;
				ENABLE_TESTABILITY = YES;
				GCC_C_LANGUAGE_STANDARD = gnu99;
				GCC_DYNAMIC_NO_PIC = NO;
				GCC_NO_COMMON_BLOCKS = YES;
				GCC_OPTIMIZATION_LEVEL = 0;
				GCC_PREPROCESSOR_DEFINITIONS = (
					"DEBUG=1",
					"$(inherited)",
				);
				GCC_WARN_64_TO_32_BIT_CONVERSION = YES;
				GCC_WARN_ABOUT_RETURN_TYPE = YES_ERROR;
				GCC_WARN_UNDECLARED_SELECTOR = YES;
				GCC_WARN_UNINITIALIZED_AUTOS = YES_AGGRESSIVE;
				GCC_WARN_UNUSED_FUNCTION = YES;
				GCC_WARN_UNUSED_VARIABLE = YES;
				IPHONEOS_DEPLOYMENT_TARGET = 9.3;
				MTL_ENABLE_DEBUG_INFO = YES;
				ONLY_ACTIVE_ARCH = YES;
				SDKROOT = iphoneos;
				SWIFT_OPTIMIZATION_LEVEL = "-Onone";
				TARGETED_DEVICE_FAMILY = "1,2";
			};
			name = Debug;
		};
		6B4F138E1D07CB5200D7BC08 /* Release */ = {
			isa = XCBuildConfiguration;
			baseConfigurationReference = 6B4F13951D07CE9500D7BC08 /* Settings.xcconfig */;
			buildSettings = {
				ALWAYS_SEARCH_USER_PATHS = NO;
				CLANG_ANALYZER_NONNULL = YES;
				CLANG_CXX_LANGUAGE_STANDARD = "gnu++0x";
				CLANG_CXX_LIBRARY = "libc++";
				CLANG_ENABLE_MODULES = YES;
				CLANG_ENABLE_OBJC_ARC = YES;
				CLANG_WARN_BOOL_CONVERSION = YES;
				CLANG_WARN_CONSTANT_CONVERSION = YES;
				CLANG_WARN_DIRECT_OBJC_ISA_USAGE = YES_ERROR;
				CLANG_WARN_EMPTY_BODY = YES;
				CLANG_WARN_ENUM_CONVERSION = YES;
				CLANG_WARN_INT_CONVERSION = YES;
				CLANG_WARN_OBJC_ROOT_CLASS = YES_ERROR;
				CLANG_WARN_UNREACHABLE_CODE = YES;
				CLANG_WARN__DUPLICATE_METHOD_MATCH = YES;
				"CODE_SIGN_IDENTITY[sdk=iphoneos*]" = "iPhone Developer";
				COPY_PHASE_STRIP = NO;
				DEBUG_INFORMATION_FORMAT = "dwarf-with-dsym";
				ENABLE_NS_ASSERTIONS = NO;
				ENABLE_STRICT_OBJC_MSGSEND = YES;
				GCC_C_LANGUAGE_STANDARD = gnu99;
				GCC_NO_COMMON_BLOCKS = YES;
				GCC_WARN_64_TO_32_BIT_CONVERSION = YES;
				GCC_WARN_ABOUT_RETURN_TYPE = YES_ERROR;
				GCC_WARN_UNDECLARED_SELECTOR = YES;
				GCC_WARN_UNINITIALIZED_AUTOS = YES_AGGRESSIVE;
				GCC_WARN_UNUSED_FUNCTION = YES;
				GCC_WARN_UNUSED_VARIABLE = YES;
				IPHONEOS_DEPLOYMENT_TARGET = 9.3;
				MTL_ENABLE_DEBUG_INFO = NO;
				SDKROOT = iphoneos;
				TARGETED_DEVICE_FAMILY = "1,2";
				VALIDATE_PRODUCT = YES;
			};
			name = Release;
		};
		6B4F13901D07CB5200D7BC08 /* Debug */ = {
			isa = XCBuildConfiguration;
			buildSettings = {
				ASSETCATALOG_COMPILER_APPICON_NAME = AppIcon;
				INFOPLIST_FILE = J2ObjcApp/Info.plist;
				LD_RUNPATH_SEARCH_PATHS = "$(inherited) @executable_path/Frameworks";
				PRODUCT_BUNDLE_IDENTIFIER = com.J2ObjcApp;
				PRODUCT_NAME = "$(TARGET_NAME)";
			};
			name = Debug;
		};
		6B4F13911D07CB5200D7BC08 /* Release */ = {
			isa = XCBuildConfiguration;
			buildSettings = {
				ASSETCATALOG_COMPILER_APPICON_NAME = AppIcon;
				INFOPLIST_FILE = J2ObjcApp/Info.plist;
				LD_RUNPATH_SEARCH_PATHS = "$(inherited) @executable_path/Frameworks";
				PRODUCT_BUNDLE_IDENTIFIER = com.J2ObjcApp;
				PRODUCT_NAME = "$(TARGET_NAME)";
			};
			name = Release;
		};
		6B4F13931D07CB5200D7BC08 /* Debug */ = {
			isa = XCBuildConfiguration;
			buildSettings = {
				BUNDLE_LOADER = "$(TEST_HOST)";
				INFOPLIST_FILE = J2ObjcAppTests/Info.plist;
				LD_RUNPATH_SEARCH_PATHS = "$(inherited) @executable_path/Frameworks @loader_path/Frameworks";
				PRODUCT_BUNDLE_IDENTIFIER = com.J2ObjcAppTests;
				PRODUCT_NAME = "$(TARGET_NAME)";
				TEST_HOST = "$(BUILT_PRODUCTS_DIR)/J2ObjcApp.app/J2ObjcApp";
			};
			name = Debug;
		};
		6B4F13941D07CB5200D7BC08 /* Release */ = {
			isa = XCBuildConfiguration;
			buildSettings = {
				BUNDLE_LOADER = "$(TEST_HOST)";
				INFOPLIST_FILE = J2ObjcAppTests/Info.plist;
				LD_RUNPATH_SEARCH_PATHS = "$(inherited) @executable_path/Frameworks @loader_path/Frameworks";
				PRODUCT_BUNDLE_IDENTIFIER = com.J2ObjcAppTests;
				PRODUCT_NAME = "$(TARGET_NAME)";
				TEST_HOST = "$(BUILT_PRODUCTS_DIR)/J2ObjcApp.app/J2ObjcApp";
			};
			name = Release;
		};
/* End XCBuildConfiguration section */

/* Begin XCConfigurationList section */
		6B4F136D1D07CB5200D7BC08 /* Build configuration list for PBXProject "J2ObjcApp" */ = {
			isa = XCConfigurationList;
			buildConfigurations = (
				6B4F138D1D07CB5200D7BC08 /* Debug */,
				6B4F138E1D07CB5200D7BC08 /* Release */,
			);
			defaultConfigurationIsVisible = 0;
			defaultConfigurationName = Release;
		};
		6B4F138F1D07CB5200D7BC08 /* Build configuration list for PBXNativeTarget "J2ObjcApp" */ = {
			isa = XCConfigurationList;
			buildConfigurations = (
				6B4F13901D07CB5200D7BC08 /* Debug */,
				6B4F13911D07CB5200D7BC08 /* Release */,
			);
			defaultConfigurationIsVisible = 0;
		};
		6B4F13921D07CB5200D7BC08 /* Build configuration list for PBXNativeTarget "J2ObjcAppTests" */ = {
			isa = XCConfigurationList;
			buildConfigurations = (
				6B4F13931D07CB5200D7BC08 /* Debug */,
				6B4F13941D07CB5200D7BC08 /* Release */,
			);
			defaultConfigurationIsVisible = 0;
		};
/* End XCConfigurationList section */
	};
	rootObject = 6B4F136A1D07CB5200D7BC08 /* Project object */;
}
